<?xml version="1.0" encoding="utf-8"?>
<Project ToolsVersion="4.0" xmlns="http://schemas.microsoft.com/developer/msbuild/2003">
  <ItemGroup>
    <Filter Include="ソース ファイル">
      <UniqueIdentifier>{4FC737F1-C7A5-4376-A066-2A32D752A2FF}</UniqueIdentifier>
      <Extensions>cpp;c;cc;cxx;c++;cppm;ixx;def;odl;idl;hpj;bat;asm;asmx</Extensions>
    </Filter>
    <Filter Include="ヘッダー ファイル">
      <UniqueIdentifier>{93995380-89BD-4b04-88EB-625FBE52EBFB}</UniqueIdentifier>
      <Extensions>h;hh;hpp;hxx;h++;hm;inl;inc;ipp;xsd</Extensions>
    </Filter>
    <Filter Include="リソース ファイル">
      <UniqueIdentifier>{67DA6AB6-F800-4c08-8B7A-83BB121AAD01}</UniqueIdentifier>
      <Extensions>rc;ico;cur;bmp;dlg;rc2;rct;bin;rgs;gif;jpg;jpeg;jpe;resx;tiff;tif;png;wav;mfcribbon-ms</Extensions>
    </Filter>
  </ItemGroup>
  <ItemGroup>
    <ClCompile Include="srcs\MapParser.cpp">
      <Filter>ソース ファイル</Filter>
    </ClCompile>
    <ClCompile Include="srcs\Utils.cpp">
      <Filter>ソース ファイル</Filter>
    </ClCompile>
    <ClCompile Include="srcs\Exceptions.cpp">
      <Filter>ソース ファイル</Filter>
    </ClCompile>
    <ClCompile Include="srcs\Renderer.cpp">
      <Filter>ソース ファイル</Filter>
    </ClCompile>
    <ClCompile Include="srcs\GraphicsPipelineBuilder.cpp">
      <Filter>ソース ファイル</Filter>
    </ClCompile>
    <ClCompile Include="srcs\main.cpp">
      <Filter>ソース ファイル</Filter>
    </ClCompile>
  </ItemGroup>
  <ItemGroup>
    <ClInclude Include="includes\DataStructure.hpp">
      <Filter>ヘッダー ファイル</Filter>
    </ClInclude>
    <ClInclude Include="includes\MapParser.hpp">
      <Filter>ヘッダー ファイル</Filter>
    </ClInclude>
    <ClInclude Include="includes\Utils.hpp">
      <Filter>ヘッダー ファイル</Filter>
    </ClInclude>
    <ClInclude Include="includes\Exceptions.hpp">
      <Filter>ヘッダー ファイル</Filter>
    </ClInclude>
    <ClInclude Include="includes\Renderer.hpp">
      <Filter>ヘッダー ファイル</Filter>
    </ClInclude>
    <ClInclude Include="includes\GraphicsPipelineBuilder.hpp">
      <Filter>ヘッダー ファイル</Filter>
    </ClInclude>
  </ItemGroup>
  <ItemGroup>
    <None Include="maps\10-2.fdf" />
    <None Include="maps\10-70.fdf" />
    <None Include="maps\100-6.fdf" />
    <None Include="maps\20-60.fdf" />
    <None Include="maps\42.fdf" />
    <None Include="maps\50-4.fdf" />
    <None Include="maps\basictest.fdf" />
    <None Include="maps\elem-col.fdf" />
    <None Include="maps\elem-fract.fdf" />
    <None Include="maps\elem.fdf" />
    <None Include="maps\elem2.fdf" />
    <None Include="maps\julia.fdf" />
    <None Include="maps\mars.fdf" />
    <None Include="maps\pentenegpos.fdf" />
    <None Include="maps\plat.fdf" />
    <None Include="maps\pnp_flat.fdf" />
    <None Include="maps\pylone.fdf" />
    <None Include="maps\pyra.fdf" />
    <None Include="maps\pyramide.fdf" />
    <None Include="maps\t1.fdf" />
    <None Include="maps\t2.fdf" />
    <None Include="shaders\shader.frag">
      <Filter>ソース ファイル</Filter>
    </None>
    <None Include="shaders\shader.vert">
      <Filter>ソース ファイル</Filter>
    </None>
    <None Include="shaders\compile.bat">
      <Filter>ソース ファイル</Filter>
    </None>
    <None Include="maps\42-col.fdf" />
  </ItemGroup>
</Project>